
Microsoft Visual Studio Solution File, Format Version 12.00
# Visual Studio Version 17
VisualStudioVersion = 17.13.35806.99 d17.13
MinimumVisualStudioVersion = 10.0.40219.1
Project("{FAE04EC0-301F-11D3-BF4B-00C04F79EFBC}") = "Guia1-P3", "Guia1-P3\Guia1-P3.csproj", "{4505FE9B-04D9-4BFF-BBE0-91A8E2A536AA}"
EndProject
Global
	GlobalSection(SolutionConfigurationPlatforms) = preSolution
		Debug|Any CPU = Debug|Any CPU
		Release|Any CPU = Release|Any CPU
	EndGlobalSection
	GlobalSection(ProjectConfigurationPlatforms) = postSolution
		{4505FE9B-04D9-4BFF-BBE0-91A8E2A536AA}.Debug|Any CPU.ActiveCfg = Debug|Any CPU
		{4505FE9B-04D9-4BFF-BBE0-91A8E2A536AA}.Debug|Any CPU.Build.0 = Debug|Any CPU
		{4505FE9B-04D9-4BFF-BBE0-91A8E2A536AA}.Release|Any CPU.ActiveCfg = Release|Any CPU
		{4505FE9B-04D9-4BFF-BBE0-91A8E2A536AA}.Release|Any CPU.Build.0 = Release|Any CPU
	EndGlobalSection
	GlobalSection(SolutionProperties) = preSolution
		HideSolutionNode = FALSE
	EndGlobalSection
	GlobalSection(ExtensibilityGlobals) = postSolution
		SolutionGuid = {A9BBC06E-A30B-4DF7-A2CD-A7D0F7EC8374}
	EndGlobalSection
EndGlobal
